
Microsoft Visual Studio Solution File, Format Version 12.00
# Visual Studio Version 18
VisualStudioVersion = 18.0.11205.157
MinimumVisualStudioVersion = 10.0.40219.1
Project("{2150E333-8FDC-42A3-9474-1A3956D46DE8}") = "Solution Items", "Solution Items", "{8EC462FD-D22E-90A8-E5CE-7E832BA40C5D}"
	ProjectSection(SolutionItems) = preProject
		.gitignore = .gitignore
	EndProjectSection
EndProject
Project("{FAE04EC0-301F-11D3-BF4B-00C04F79EFBC}") = "StrategyPattern", "StrategyPattern\StrategyPattern.csproj", "{64129C2E-8A3F-47FF-99C7-E8D3A8BF5189}"
EndProject
Project("{FAE04EC0-301F-11D3-BF4B-00C04F79EFBC}") = "DuckSimulator", "DuckSimulator\DuckSimulator.csproj", "{899DA13A-AEBC-4E5C-AF1A-31F39257CCBA}"
EndProject
Project("{2150E333-8FDC-42A3-9474-1A3956D46DE8}") = "Strategy Pattern", "Strategy Pattern", "{02EA681E-C7D8-13C7-8484-4AC65E1B71E8}"
EndProject
Project("{2150E333-8FDC-42A3-9474-1A3956D46DE8}") = "Observer Pattern", "Observer Pattern", "{E6E1C331-DEB5-46C6-AA1E-5C3F413C8A0D}"
EndProject
Project("{FAE04EC0-301F-11D3-BF4B-00C04F79EFBC}") = "WeatherStationDependencies", "WeatherStation\WeatherStationDependencies.csproj", "{5EA85E63-F43E-43EA-8E29-BB4593FE14EA}"
EndProject
Project("{FAE04EC0-301F-11D3-BF4B-00C04F79EFBC}") = "Weather-O-Rama", "Weather-O-Rama\Weather-O-Rama.csproj", "{242163D2-52BA-4670-BFA3-B9DB79906445}"
EndProject
Project("{2150E333-8FDC-42A3-9474-1A3956D46DE8}") = "Decorator Pattern", "Decorator Pattern", "{EBC5E5F4-5E45-4A0A-8516-4A41F2E35B83}"
EndProject
Project("{FAE04EC0-301F-11D3-BF4B-00C04F79EFBC}") = "StarBuzzDependencies", "StarBuzzDependencies\StarBuzzDependencies.csproj", "{ACD64C8D-8B84-43DF-B8FB-976C6E7263F1}"
EndProject
Project("{FAE04EC0-301F-11D3-BF4B-00C04F79EFBC}") = "StarBuzzApp", "StarBuzzApp\StarBuzzApp.csproj", "{CF2F577F-678F-4C61-BC36-A2DF50847638}"
EndProject
Project("{2150E333-8FDC-42A3-9474-1A3956D46DE8}") = "FactoryMethod Pattern", "FactoryMethod Pattern", "{CE29C8DF-A8AC-4D39-AB33-A12C956C09B8}"
EndProject
Project("{FAE04EC0-301F-11D3-BF4B-00C04F79EFBC}") = "PizzaStoreDependencies", "PizzaStoreDependencies\PizzaStoreDependencies.csproj", "{6F2AC7BA-8D68-4E1E-A998-059AD2833221}"
EndProject
Project("{FAE04EC0-301F-11D3-BF4B-00C04F79EFBC}") = "SimpleFactory", "SimpleFactory\SimpleFactory.csproj", "{BCADD075-5F7F-4F8B-85A7-536B7182509C}"
EndProject
Project("{FAE04EC0-301F-11D3-BF4B-00C04F79EFBC}") = "FactoryMethodPatternDependencies", "FactoryMethodPatternDependencies\FactoryMethodPatternDependencies.csproj", "{D6C07AEE-4D1F-438B-8ADD-B7BBDF4765CB}"
EndProject
Project("{FAE04EC0-301F-11D3-BF4B-00C04F79EFBC}") = "PizzaTestDrive", "PizzaTestDrive\PizzaTestDrive.csproj", "{DA00D0E4-743F-4EE1-944A-04CC0F2BA520}"
EndProject
Project("{2150E333-8FDC-42A3-9474-1A3956D46DE8}") = "AbstractFactory Pattern", "AbstractFactory Pattern", "{BB4736D8-36FC-4267-8183-B40AC20A997B}"
EndProject
Project("{FAE04EC0-301F-11D3-BF4B-00C04F79EFBC}") = "AbstractFactoryPizzaDependencies", "AbstractFactoryPizzaDependencies\AbstractFactoryPizzaDependencies.csproj", "{C2182ADF-8B4D-4116-8E75-ACFEFB302C8C}"
EndProject
Project("{FAE04EC0-301F-11D3-BF4B-00C04F79EFBC}") = "ObjectVillePizzaStore", "ObjectVillePizzaStore\ObjectVillePizzaStore.csproj", "{48759DFB-4E0B-4370-A46B-D5233F135F94}"
EndProject
Project("{2150E333-8FDC-42A3-9474-1A3956D46DE8}") = "Singleton Pattern", "Singleton Pattern", "{7A1C7E65-C82B-49FD-8339-4097090F8419}"
EndProject
Project("{FAE04EC0-301F-11D3-BF4B-00C04F79EFBC}") = "ChocolateFactory", "ChocolateFactory\ChocolateFactory.csproj", "{9C2CE6DD-78A6-4771-8FD2-32FA05EBD55C}"
EndProject
Project("{2150E333-8FDC-42A3-9474-1A3956D46DE8}") = "Command Pattern", "Command Pattern", "{F0619A39-8D2D-4CFE-8D92-D836A5DA1425}"
EndProject
Project("{FAE04EC0-301F-11D3-BF4B-00C04F79EFBC}") = "RemoteControlDependencies", "RemoteControlDependencies\RemoteControlDependencies.csproj", "{F327492E-6764-4072-8743-C4DBCD8A85D2}"
EndProject
Project("{FAE04EC0-301F-11D3-BF4B-00C04F79EFBC}") = "RemoteLoader", "RemoteLoader\RemoteLoader.csproj", "{60F82274-0542-4756-8799-F0BFAFB42EFF}"
EndProject
Project("{2150E333-8FDC-42A3-9474-1A3956D46DE8}") = "Adapter Pattern", "Adapter Pattern", "{9841C83E-7558-425B-A84C-65A3C62C451E}"
EndProject
Project("{FAE04EC0-301F-11D3-BF4B-00C04F79EFBC}") = "AdapterPatternDependencies", "AdapterPatternDependencies\AdapterPatternDependencies.csproj", "{362DD133-5660-4673-B37B-8E7E4FC2C60F}"
EndProject
Project("{FAE04EC0-301F-11D3-BF4B-00C04F79EFBC}") = "DuckTestDrive", "DuckTestDrive\DuckTestDrive.csproj", "{E38F74CF-9EC8-4FCC-B85C-8504A7289BBB}"
EndProject
Project("{2150E333-8FDC-42A3-9474-1A3956D46DE8}") = "Facade Pattern", "Facade Pattern", "{15879DA1-918D-46B1-AE51-4A11373D6327}"
EndProject
Project("{FAE04EC0-301F-11D3-BF4B-00C04F79EFBC}") = "FacadePatternDependencies", "FacadePatternDependencies\FacadePatternDependencies.csproj", "{9E05E6CC-EAAD-49C4-B0E8-8ADBB68D0C5B}"
EndProject
Project("{FAE04EC0-301F-11D3-BF4B-00C04F79EFBC}") = "HomeTheaterTestDrive", "HomeTheaterTestDrive\HomeTheaterTestDrive.csproj", "{DBFA9276-56AB-4FA3-872B-1DB57D504D6A}"
EndProject
Project("{2150E333-8FDC-42A3-9474-1A3956D46DE8}") = "TemplateMethod Pattern", "TemplateMethod Pattern", "{ED7B2645-58CF-4DD0-B1BD-8A48E5D3F01B}"
EndProject
Project("{FAE04EC0-301F-11D3-BF4B-00C04F79EFBC}") = "TemplateMethodDependencies", "TemplateMethodDependencies\TemplateMethodDependencies.csproj", "{146B59AA-E14B-42BD-8AFC-E899810C070F}"
EndProject
Project("{FAE04EC0-301F-11D3-BF4B-00C04F79EFBC}") = "BeverageTestDrive", "BeverageTestDrive\BeverageTestDrive.csproj", "{E689BE36-25EC-4081-AA0D-553369A42DB5}"
EndProject
Project("{FAE04EC0-301F-11D3-BF4B-00C04F79EFBC}") = "DuckExample", "DuckExample\DuckExample.csproj", "{A8499FD1-FF66-4761-B78B-D53944095A73}"
EndProject
Project("{2150E333-8FDC-42A3-9474-1A3956D46DE8}") = "Iterator Pattern", "Iterator Pattern", "{10B937AE-AEA4-40A2-951F-8B55814EB8EF}"
EndProject
Project("{FAE04EC0-301F-11D3-BF4B-00C04F79EFBC}") = "CafeMenuDependencies", "CafeMenuDependencies\CafeMenuDependencies.csproj", "{D2D5105B-86D2-498D-9BB1-EC45014B6AF2}"
EndProject
Project("{FAE04EC0-301F-11D3-BF4B-00C04F79EFBC}") = "CafeMenuDrive", "CafeMenuDrive\CafeMenuDrive.csproj", "{9C75CEDA-99D1-4096-B798-85C7706DC103}"
EndProject
Project("{2150E333-8FDC-42A3-9474-1A3956D46DE8}") = "Composite Pattern", "Composite Pattern", "{DE0EAED7-1FD6-4E7A-8C3A-F2F11C0FE4D4}"
EndProject
Project("{FAE04EC0-301F-11D3-BF4B-00C04F79EFBC}") = "CompositePatternDependencies", "CompositePatternDependencies\CompositePatternDependencies.csproj", "{2E50A688-5927-4064-A252-B16FF3893E9D}"
EndProject
Project("{FAE04EC0-301F-11D3-BF4B-00C04F79EFBC}") = "MenuTestDrive", "MenuTestDrive\MenuTestDrive.csproj", "{04C73C17-70BC-4AC6-93FA-56F94FF5A2FC}"
EndProject
Project("{2150E333-8FDC-42A3-9474-1A3956D46DE8}") = "State Pattern", "State Pattern", "{52AABDB5-04FD-43BA-8EB4-BAD57BBB796A}"
EndProject
Project("{FAE04EC0-301F-11D3-BF4B-00C04F79EFBC}") = "StatePatternDependencies", "StatePatternDependencies\StatePatternDependencies.csproj", "{D834E131-173E-45E4-B118-EBD9C2823E8A}"
EndProject
Project("{FAE04EC0-301F-11D3-BF4B-00C04F79EFBC}") = "GumballMachineTestDrive", "GumballMachineTestDrive\GumballMachineTestDrive.csproj", "{C63B9DF3-5DD0-4A87-AAEC-455B8D453299}"
EndProject
Project("{2150E333-8FDC-42A3-9474-1A3956D46DE8}") = "Proxy Pattern", "Proxy Pattern", "{23692F22-4D81-4590-BDFC-4CE8DBE9B6A1}"
EndProject
Project("{FAE04EC0-301F-11D3-BF4B-00C04F79EFBC}") = "ProxyPatternDependencies", "ProxyPatternDependencies\ProxyPatternDependencies.csproj", "{A6AD7D99-67CB-4954-80BF-C95CF1C28F87}"
EndProject
Project("{FAE04EC0-301F-11D3-BF4B-00C04F79EFBC}") = "MatchMakingTestDrive", "MatchMakingTestDrive\MatchMakingTestDrive.csproj", "{7DA1B985-E6D3-4BA1-9895-4C83B080F331}"
EndProject
Project("{2150E333-8FDC-42A3-9474-1A3956D46DE8}") = "Compound Patterns", "Compound Patterns", "{C3099C56-8058-456E-9274-99E309EE0577}"
EndProject
Project("{FAE04EC0-301F-11D3-BF4B-00C04F79EFBC}") = "CompoundPatternDependencies", "CompoundPatternDependencies\CompoundPatternDependencies.csproj", "{FEEA40DB-99DE-4A89-9F76-D0EE2C7C3573}"
EndProject
Project("{FAE04EC0-301F-11D3-BF4B-00C04F79EFBC}") = "DuckSimulatorTestDrive", "DuckSimulatorTestDrive\DuckSimulatorTestDrive.csproj", "{AB820C70-7250-40FD-BEE4-473E5FC4AC12}"
EndProject
Project("{2150E333-8FDC-42A3-9474-1A3956D46DE8}") = "Bridge Pattern", "Bridge Pattern", "{EB430FEA-C873-4CE6-8D2E-E8A796E1160F}"
EndProject
Project("{FAE04EC0-301F-11D3-BF4B-00C04F79EFBC}") = "BridgePatternDependencies", "BridgePatternDependencies\BridgePatternDependencies.csproj", "{BE2926BF-18BB-4E91-B77B-5D3F4AE8B2D6}"
EndProject
Project("{FAE04EC0-301F-11D3-BF4B-00C04F79EFBC}") = "BridgePatternConsole", "BridgePatternConsole\BridgePatternConsole.csproj", "{222FC0CF-C202-409B-A631-8C0262411E11}"
EndProject
Project("{2150E333-8FDC-42A3-9474-1A3956D46DE8}") = "Chain of Responsibility Pattern", "Chain of Responsibility Pattern", "{1FA729FD-8D43-40F9-8148-EC595B687BA5}"
EndProject
Project("{FAE04EC0-301F-11D3-BF4B-00C04F79EFBC}") = "CoRPatternDependencies", "CoRPatternDependencies\CoRPatternDependencies.csproj", "{F20DA8BE-DADD-4430-B7CC-C54DFBDA4494}"
EndProject
Project("{FAE04EC0-301F-11D3-BF4B-00C04F79EFBC}") = "MightyGumballEmailClassifier", "MightyGumballEmailClassifier\MightyGumballEmailClassifier.csproj", "{C9959156-29BD-4557-ADFC-FF5E2567812E}"
EndProject
Project("{2150E333-8FDC-42A3-9474-1A3956D46DE8}") = "Builder Pattern", "Builder Pattern", "{4FBE9334-1256-4A7D-A688-5F9B8E113337}"
EndProject
Project("{FAE04EC0-301F-11D3-BF4B-00C04F79EFBC}") = "BuilderPatternDependencies", "BuilderPatternDependencies\BuilderPatternDependencies.csproj", "{E981C785-9290-4F64-999A-C8F9B047BA94}"
EndProject
Project("{FAE04EC0-301F-11D3-BF4B-00C04F79EFBC}") = "VacationPlanner", "VacationPlanner\VacationPlanner.csproj", "{DD0BBA60-A7A0-4204-BB91-018CF4016B02}"
EndProject
Global
	GlobalSection(SolutionConfigurationPlatforms) = preSolution
		Debug|Any CPU = Debug|Any CPU
		Release|Any CPU = Release|Any CPU
	EndGlobalSection
	GlobalSection(ProjectConfigurationPlatforms) = postSolution
		{64129C2E-8A3F-47FF-99C7-E8D3A8BF5189}.Debug|Any CPU.ActiveCfg = Debug|Any CPU
		{64129C2E-8A3F-47FF-99C7-E8D3A8BF5189}.Debug|Any CPU.Build.0 = Debug|Any CPU
		{64129C2E-8A3F-47FF-99C7-E8D3A8BF5189}.Release|Any CPU.ActiveCfg = Release|Any CPU
		{64129C2E-8A3F-47FF-99C7-E8D3A8BF5189}.Release|Any CPU.Build.0 = Release|Any CPU
		{899DA13A-AEBC-4E5C-AF1A-31F39257CCBA}.Debug|Any CPU.ActiveCfg = Debug|Any CPU
		{899DA13A-AEBC-4E5C-AF1A-31F39257CCBA}.Debug|Any CPU.Build.0 = Debug|Any CPU
		{899DA13A-AEBC-4E5C-AF1A-31F39257CCBA}.Release|Any CPU.ActiveCfg = Release|Any CPU
		{899DA13A-AEBC-4E5C-AF1A-31F39257CCBA}.Release|Any CPU.Build.0 = Release|Any CPU
		{5EA85E63-F43E-43EA-8E29-BB4593FE14EA}.Debug|Any CPU.ActiveCfg = Debug|Any CPU
		{5EA85E63-F43E-43EA-8E29-BB4593FE14EA}.Debug|Any CPU.Build.0 = Debug|Any CPU
		{5EA85E63-F43E-43EA-8E29-BB4593FE14EA}.Release|Any CPU.ActiveCfg = Release|Any CPU
		{5EA85E63-F43E-43EA-8E29-BB4593FE14EA}.Release|Any CPU.Build.0 = Release|Any CPU
		{242163D2-52BA-4670-BFA3-B9DB79906445}.Debug|Any CPU.ActiveCfg = Debug|Any CPU
		{242163D2-52BA-4670-BFA3-B9DB79906445}.Debug|Any CPU.Build.0 = Debug|Any CPU
		{242163D2-52BA-4670-BFA3-B9DB79906445}.Release|Any CPU.ActiveCfg = Release|Any CPU
		{242163D2-52BA-4670-BFA3-B9DB79906445}.Release|Any CPU.Build.0 = Release|Any CPU
		{ACD64C8D-8B84-43DF-B8FB-976C6E7263F1}.Debug|Any CPU.ActiveCfg = Debug|Any CPU
		{ACD64C8D-8B84-43DF-B8FB-976C6E7263F1}.Debug|Any CPU.Build.0 = Debug|Any CPU
		{ACD64C8D-8B84-43DF-B8FB-976C6E7263F1}.Release|Any CPU.ActiveCfg = Release|Any CPU
		{ACD64C8D-8B84-43DF-B8FB-976C6E7263F1}.Release|Any CPU.Build.0 = Release|Any CPU
		{CF2F577F-678F-4C61-BC36-A2DF50847638}.Debug|Any CPU.ActiveCfg = Debug|Any CPU
		{CF2F577F-678F-4C61-BC36-A2DF50847638}.Debug|Any CPU.Build.0 = Debug|Any CPU
		{CF2F577F-678F-4C61-BC36-A2DF50847638}.Release|Any CPU.ActiveCfg = Release|Any CPU
		{CF2F577F-678F-4C61-BC36-A2DF50847638}.Release|Any CPU.Build.0 = Release|Any CPU
		{6F2AC7BA-8D68-4E1E-A998-059AD2833221}.Debug|Any CPU.ActiveCfg = Debug|Any CPU
		{6F2AC7BA-8D68-4E1E-A998-059AD2833221}.Debug|Any CPU.Build.0 = Debug|Any CPU
		{6F2AC7BA-8D68-4E1E-A998-059AD2833221}.Release|Any CPU.ActiveCfg = Release|Any CPU
		{6F2AC7BA-8D68-4E1E-A998-059AD2833221}.Release|Any CPU.Build.0 = Release|Any CPU
		{BCADD075-5F7F-4F8B-85A7-536B7182509C}.Debug|Any CPU.ActiveCfg = Debug|Any CPU
		{BCADD075-5F7F-4F8B-85A7-536B7182509C}.Debug|Any CPU.Build.0 = Debug|Any CPU
		{BCADD075-5F7F-4F8B-85A7-536B7182509C}.Release|Any CPU.ActiveCfg = Release|Any CPU
		{BCADD075-5F7F-4F8B-85A7-536B7182509C}.Release|Any CPU.Build.0 = Release|Any CPU
		{D6C07AEE-4D1F-438B-8ADD-B7BBDF4765CB}.Debug|Any CPU.ActiveCfg = Debug|Any CPU
		{D6C07AEE-4D1F-438B-8ADD-B7BBDF4765CB}.Debug|Any CPU.Build.0 = Debug|Any CPU
		{D6C07AEE-4D1F-438B-8ADD-B7BBDF4765CB}.Release|Any CPU.ActiveCfg = Release|Any CPU
		{D6C07AEE-4D1F-438B-8ADD-B7BBDF4765CB}.Release|Any CPU.Build.0 = Release|Any CPU
		{DA00D0E4-743F-4EE1-944A-04CC0F2BA520}.Debug|Any CPU.ActiveCfg = Debug|Any CPU
		{DA00D0E4-743F-4EE1-944A-04CC0F2BA520}.Debug|Any CPU.Build.0 = Debug|Any CPU
		{DA00D0E4-743F-4EE1-944A-04CC0F2BA520}.Release|Any CPU.ActiveCfg = Release|Any CPU
		{DA00D0E4-743F-4EE1-944A-04CC0F2BA520}.Release|Any CPU.Build.0 = Release|Any CPU
		{C2182ADF-8B4D-4116-8E75-ACFEFB302C8C}.Debug|Any CPU.ActiveCfg = Debug|Any CPU
		{C2182ADF-8B4D-4116-8E75-ACFEFB302C8C}.Debug|Any CPU.Build.0 = Debug|Any CPU
		{C2182ADF-8B4D-4116-8E75-ACFEFB302C8C}.Release|Any CPU.ActiveCfg = Release|Any CPU
		{C2182ADF-8B4D-4116-8E75-ACFEFB302C8C}.Release|Any CPU.Build.0 = Release|Any CPU
		{48759DFB-4E0B-4370-A46B-D5233F135F94}.Debug|Any CPU.ActiveCfg = Debug|Any CPU
		{48759DFB-4E0B-4370-A46B-D5233F135F94}.Debug|Any CPU.Build.0 = Debug|Any CPU
		{48759DFB-4E0B-4370-A46B-D5233F135F94}.Release|Any CPU.ActiveCfg = Release|Any CPU
		{48759DFB-4E0B-4370-A46B-D5233F135F94}.Release|Any CPU.Build.0 = Release|Any CPU
		{9C2CE6DD-78A6-4771-8FD2-32FA05EBD55C}.Debug|Any CPU.ActiveCfg = Debug|Any CPU
		{9C2CE6DD-78A6-4771-8FD2-32FA05EBD55C}.Debug|Any CPU.Build.0 = Debug|Any CPU
		{9C2CE6DD-78A6-4771-8FD2-32FA05EBD55C}.Release|Any CPU.ActiveCfg = Release|Any CPU
		{9C2CE6DD-78A6-4771-8FD2-32FA05EBD55C}.Release|Any CPU.Build.0 = Release|Any CPU
		{F327492E-6764-4072-8743-C4DBCD8A85D2}.Debug|Any CPU.ActiveCfg = Debug|Any CPU
		{F327492E-6764-4072-8743-C4DBCD8A85D2}.Debug|Any CPU.Build.0 = Debug|Any CPU
		{F327492E-6764-4072-8743-C4DBCD8A85D2}.Release|Any CPU.ActiveCfg = Release|Any CPU
		{F327492E-6764-4072-8743-C4DBCD8A85D2}.Release|Any CPU.Build.0 = Release|Any CPU
		{60F82274-0542-4756-8799-F0BFAFB42EFF}.Debug|Any CPU.ActiveCfg = Debug|Any CPU
		{60F82274-0542-4756-8799-F0BFAFB42EFF}.Debug|Any CPU.Build.0 = Debug|Any CPU
		{60F82274-0542-4756-8799-F0BFAFB42EFF}.Release|Any CPU.ActiveCfg = Release|Any CPU
		{60F82274-0542-4756-8799-F0BFAFB42EFF}.Release|Any CPU.Build.0 = Release|Any CPU
		{362DD133-5660-4673-B37B-8E7E4FC2C60F}.Debug|Any CPU.ActiveCfg = Debug|Any CPU
		{362DD133-5660-4673-B37B-8E7E4FC2C60F}.Debug|Any CPU.Build.0 = Debug|Any CPU
		{362DD133-5660-4673-B37B-8E7E4FC2C60F}.Release|Any CPU.ActiveCfg = Release|Any CPU
		{362DD133-5660-4673-B37B-8E7E4FC2C60F}.Release|Any CPU.Build.0 = Release|Any CPU
		{E38F74CF-9EC8-4FCC-B85C-8504A7289BBB}.Debug|Any CPU.ActiveCfg = Debug|Any CPU
		{E38F74CF-9EC8-4FCC-B85C-8504A7289BBB}.Debug|Any CPU.Build.0 = Debug|Any CPU
		{E38F74CF-9EC8-4FCC-B85C-8504A7289BBB}.Release|Any CPU.ActiveCfg = Release|Any CPU
		{E38F74CF-9EC8-4FCC-B85C-8504A7289BBB}.Release|Any CPU.Build.0 = Release|Any CPU
		{9E05E6CC-EAAD-49C4-B0E8-8ADBB68D0C5B}.Debug|Any CPU.ActiveCfg = Debug|Any CPU
		{9E05E6CC-EAAD-49C4-B0E8-8ADBB68D0C5B}.Debug|Any CPU.Build.0 = Debug|Any CPU
		{9E05E6CC-EAAD-49C4-B0E8-8ADBB68D0C5B}.Release|Any CPU.ActiveCfg = Release|Any CPU
		{9E05E6CC-EAAD-49C4-B0E8-8ADBB68D0C5B}.Release|Any CPU.Build.0 = Release|Any CPU
		{DBFA9276-56AB-4FA3-872B-1DB57D504D6A}.Debug|Any CPU.ActiveCfg = Debug|Any CPU
		{DBFA9276-56AB-4FA3-872B-1DB57D504D6A}.Debug|Any CPU.Build.0 = Debug|Any CPU
		{DBFA9276-56AB-4FA3-872B-1DB57D504D6A}.Release|Any CPU.ActiveCfg = Release|Any CPU
		{DBFA9276-56AB-4FA3-872B-1DB57D504D6A}.Release|Any CPU.Build.0 = Release|Any CPU
		{146B59AA-E14B-42BD-8AFC-E899810C070F}.Debug|Any CPU.ActiveCfg = Debug|Any CPU
		{146B59AA-E14B-42BD-8AFC-E899810C070F}.Debug|Any CPU.Build.0 = Debug|Any CPU
		{146B59AA-E14B-42BD-8AFC-E899810C070F}.Release|Any CPU.ActiveCfg = Release|Any CPU
		{146B59AA-E14B-42BD-8AFC-E899810C070F}.Release|Any CPU.Build.0 = Release|Any CPU
		{E689BE36-25EC-4081-AA0D-553369A42DB5}.Debug|Any CPU.ActiveCfg = Debug|Any CPU
		{E689BE36-25EC-4081-AA0D-553369A42DB5}.Debug|Any CPU.Build.0 = Debug|Any CPU
		{E689BE36-25EC-4081-AA0D-553369A42DB5}.Release|Any CPU.ActiveCfg = Release|Any CPU
		{E689BE36-25EC-4081-AA0D-553369A42DB5}.Release|Any CPU.Build.0 = Release|Any CPU
		{A8499FD1-FF66-4761-B78B-D53944095A73}.Debug|Any CPU.ActiveCfg = Debug|Any CPU
		{A8499FD1-FF66-4761-B78B-D53944095A73}.Debug|Any CPU.Build.0 = Debug|Any CPU
		{A8499FD1-FF66-4761-B78B-D53944095A73}.Release|Any CPU.ActiveCfg = Release|Any CPU
		{A8499FD1-FF66-4761-B78B-D53944095A73}.Release|Any CPU.Build.0 = Release|Any CPU
		{D2D5105B-86D2-498D-9BB1-EC45014B6AF2}.Debug|Any CPU.ActiveCfg = Debug|Any CPU
		{D2D5105B-86D2-498D-9BB1-EC45014B6AF2}.Debug|Any CPU.Build.0 = Debug|Any CPU
		{D2D5105B-86D2-498D-9BB1-EC45014B6AF2}.Release|Any CPU.ActiveCfg = Release|Any CPU
		{D2D5105B-86D2-498D-9BB1-EC45014B6AF2}.Release|Any CPU.Build.0 = Release|Any CPU
		{9C75CEDA-99D1-4096-B798-85C7706DC103}.Debug|Any CPU.ActiveCfg = Debug|Any CPU
		{9C75CEDA-99D1-4096-B798-85C7706DC103}.Debug|Any CPU.Build.0 = Debug|Any CPU
		{9C75CEDA-99D1-4096-B798-85C7706DC103}.Release|Any CPU.ActiveCfg = Release|Any CPU
		{9C75CEDA-99D1-4096-B798-85C7706DC103}.Release|Any CPU.Build.0 = Release|Any CPU
		{2E50A688-5927-4064-A252-B16FF3893E9D}.Debug|Any CPU.ActiveCfg = Debug|Any CPU
		{2E50A688-5927-4064-A252-B16FF3893E9D}.Debug|Any CPU.Build.0 = Debug|Any CPU
		{2E50A688-5927-4064-A252-B16FF3893E9D}.Release|Any CPU.ActiveCfg = Release|Any CPU
		{2E50A688-5927-4064-A252-B16FF3893E9D}.Release|Any CPU.Build.0 = Release|Any CPU
		{04C73C17-70BC-4AC6-93FA-56F94FF5A2FC}.Debug|Any CPU.ActiveCfg = Debug|Any CPU
		{04C73C17-70BC-4AC6-93FA-56F94FF5A2FC}.Debug|Any CPU.Build.0 = Debug|Any CPU
		{04C73C17-70BC-4AC6-93FA-56F94FF5A2FC}.Release|Any CPU.ActiveCfg = Release|Any CPU
		{04C73C17-70BC-4AC6-93FA-56F94FF5A2FC}.Release|Any CPU.Build.0 = Release|Any CPU
		{D834E131-173E-45E4-B118-EBD9C2823E8A}.Debug|Any CPU.ActiveCfg = Debug|Any CPU
		{D834E131-173E-45E4-B118-EBD9C2823E8A}.Debug|Any CPU.Build.0 = Debug|Any CPU
		{D834E131-173E-45E4-B118-EBD9C2823E8A}.Release|Any CPU.ActiveCfg = Release|Any CPU
		{D834E131-173E-45E4-B118-EBD9C2823E8A}.Release|Any CPU.Build.0 = Release|Any CPU
		{C63B9DF3-5DD0-4A87-AAEC-455B8D453299}.Debug|Any CPU.ActiveCfg = Debug|Any CPU
		{C63B9DF3-5DD0-4A87-AAEC-455B8D453299}.Debug|Any CPU.Build.0 = Debug|Any CPU
		{C63B9DF3-5DD0-4A87-AAEC-455B8D453299}.Release|Any CPU.ActiveCfg = Release|Any CPU
		{C63B9DF3-5DD0-4A87-AAEC-455B8D453299}.Release|Any CPU.Build.0 = Release|Any CPU
		{A6AD7D99-67CB-4954-80BF-C95CF1C28F87}.Debug|Any CPU.ActiveCfg = Debug|Any CPU
		{A6AD7D99-67CB-4954-80BF-C95CF1C28F87}.Debug|Any CPU.Build.0 = Debug|Any CPU
		{A6AD7D99-67CB-4954-80BF-C95CF1C28F87}.Release|Any CPU.ActiveCfg = Release|Any CPU
		{A6AD7D99-67CB-4954-80BF-C95CF1C28F87}.Release|Any CPU.Build.0 = Release|Any CPU
		{7DA1B985-E6D3-4BA1-9895-4C83B080F331}.Debug|Any CPU.ActiveCfg = Debug|Any CPU
		{7DA1B985-E6D3-4BA1-9895-4C83B080F331}.Debug|Any CPU.Build.0 = Debug|Any CPU
		{7DA1B985-E6D3-4BA1-9895-4C83B080F331}.Release|Any CPU.ActiveCfg = Release|Any CPU
		{7DA1B985-E6D3-4BA1-9895-4C83B080F331}.Release|Any CPU.Build.0 = Release|Any CPU
		{FEEA40DB-99DE-4A89-9F76-D0EE2C7C3573}.Debug|Any CPU.ActiveCfg = Debug|Any CPU
		{FEEA40DB-99DE-4A89-9F76-D0EE2C7C3573}.Debug|Any CPU.Build.0 = Debug|Any CPU
		{FEEA40DB-99DE-4A89-9F76-D0EE2C7C3573}.Release|Any CPU.ActiveCfg = Release|Any CPU
		{FEEA40DB-99DE-4A89-9F76-D0EE2C7C3573}.Release|Any CPU.Build.0 = Release|Any CPU
		{AB820C70-7250-40FD-BEE4-473E5FC4AC12}.Debug|Any CPU.ActiveCfg = Debug|Any CPU
		{AB820C70-7250-40FD-BEE4-473E5FC4AC12}.Debug|Any CPU.Build.0 = Debug|Any CPU
		{AB820C70-7250-40FD-BEE4-473E5FC4AC12}.Release|Any CPU.ActiveCfg = Release|Any CPU
		{AB820C70-7250-40FD-BEE4-473E5FC4AC12}.Release|Any CPU.Build.0 = Release|Any CPU
		{BE2926BF-18BB-4E91-B77B-5D3F4AE8B2D6}.Debug|Any CPU.ActiveCfg = Debug|Any CPU
		{BE2926BF-18BB-4E91-B77B-5D3F4AE8B2D6}.Debug|Any CPU.Build.0 = Debug|Any CPU
		{BE2926BF-18BB-4E91-B77B-5D3F4AE8B2D6}.Release|Any CPU.ActiveCfg = Release|Any CPU
		{BE2926BF-18BB-4E91-B77B-5D3F4AE8B2D6}.Release|Any CPU.Build.0 = Release|Any CPU
		{222FC0CF-C202-409B-A631-8C0262411E11}.Debug|Any CPU.ActiveCfg = Debug|Any CPU
		{222FC0CF-C202-409B-A631-8C0262411E11}.Debug|Any CPU.Build.0 = Debug|Any CPU
		{222FC0CF-C202-409B-A631-8C0262411E11}.Release|Any CPU.ActiveCfg = Release|Any CPU
		{222FC0CF-C202-409B-A631-8C0262411E11}.Release|Any CPU.Build.0 = Release|Any CPU
		{F20DA8BE-DADD-4430-B7CC-C54DFBDA4494}.Debug|Any CPU.ActiveCfg = Debug|Any CPU
		{F20DA8BE-DADD-4430-B7CC-C54DFBDA4494}.Debug|Any CPU.Build.0 = Debug|Any CPU
		{F20DA8BE-DADD-4430-B7CC-C54DFBDA4494}.Release|Any CPU.ActiveCfg = Release|Any CPU
		{F20DA8BE-DADD-4430-B7CC-C54DFBDA4494}.Release|Any CPU.Build.0 = Release|Any CPU
		{C9959156-29BD-4557-ADFC-FF5E2567812E}.Debug|Any CPU.ActiveCfg = Debug|Any CPU
		{C9959156-29BD-4557-ADFC-FF5E2567812E}.Debug|Any CPU.Build.0 = Debug|Any CPU
		{C9959156-29BD-4557-ADFC-FF5E2567812E}.Release|Any CPU.ActiveCfg = Release|Any CPU
		{C9959156-29BD-4557-ADFC-FF5E2567812E}.Release|Any CPU.Build.0 = Release|Any CPU
		{E981C785-9290-4F64-999A-C8F9B047BA94}.Debug|Any CPU.ActiveCfg = Debug|Any CPU
		{E981C785-9290-4F64-999A-C8F9B047BA94}.Debug|Any CPU.Build.0 = Debug|Any CPU
		{E981C785-9290-4F64-999A-C8F9B047BA94}.Release|Any CPU.ActiveCfg = Release|Any CPU
		{E981C785-9290-4F64-999A-C8F9B047BA94}.Release|Any CPU.Build.0 = Release|Any CPU
		{DD0BBA60-A7A0-4204-BB91-018CF4016B02}.Debug|Any CPU.ActiveCfg = Debug|Any CPU
		{DD0BBA60-A7A0-4204-BB91-018CF4016B02}.Debug|Any CPU.Build.0 = Debug|Any CPU
		{DD0BBA60-A7A0-4204-BB91-018CF4016B02}.Release|Any CPU.ActiveCfg = Release|Any CPU
		{DD0BBA60-A7A0-4204-BB91-018CF4016B02}.Release|Any CPU.Build.0 = Release|Any CPU
	EndGlobalSection
	GlobalSection(SolutionProperties) = preSolution
		HideSolutionNode = FALSE
	EndGlobalSection
	GlobalSection(NestedProjects) = preSolution
		{64129C2E-8A3F-47FF-99C7-E8D3A8BF5189} = {02EA681E-C7D8-13C7-8484-4AC65E1B71E8}
		{899DA13A-AEBC-4E5C-AF1A-31F39257CCBA} = {02EA681E-C7D8-13C7-8484-4AC65E1B71E8}
		{02EA681E-C7D8-13C7-8484-4AC65E1B71E8} = {8EC462FD-D22E-90A8-E5CE-7E832BA40C5D}
		{E6E1C331-DEB5-46C6-AA1E-5C3F413C8A0D} = {8EC462FD-D22E-90A8-E5CE-7E832BA40C5D}
		{5EA85E63-F43E-43EA-8E29-BB4593FE14EA} = {E6E1C331-DEB5-46C6-AA1E-5C3F413C8A0D}
		{242163D2-52BA-4670-BFA3-B9DB79906445} = {E6E1C331-DEB5-46C6-AA1E-5C3F413C8A0D}
		{EBC5E5F4-5E45-4A0A-8516-4A41F2E35B83} = {8EC462FD-D22E-90A8-E5CE-7E832BA40C5D}
		{ACD64C8D-8B84-43DF-B8FB-976C6E7263F1} = {EBC5E5F4-5E45-4A0A-8516-4A41F2E35B83}
		{CF2F577F-678F-4C61-BC36-A2DF50847638} = {EBC5E5F4-5E45-4A0A-8516-4A41F2E35B83}
		{CE29C8DF-A8AC-4D39-AB33-A12C956C09B8} = {8EC462FD-D22E-90A8-E5CE-7E832BA40C5D}
		{6F2AC7BA-8D68-4E1E-A998-059AD2833221} = {CE29C8DF-A8AC-4D39-AB33-A12C956C09B8}
		{BCADD075-5F7F-4F8B-85A7-536B7182509C} = {CE29C8DF-A8AC-4D39-AB33-A12C956C09B8}
		{D6C07AEE-4D1F-438B-8ADD-B7BBDF4765CB} = {CE29C8DF-A8AC-4D39-AB33-A12C956C09B8}
		{DA00D0E4-743F-4EE1-944A-04CC0F2BA520} = {CE29C8DF-A8AC-4D39-AB33-A12C956C09B8}
		{BB4736D8-36FC-4267-8183-B40AC20A997B} = {8EC462FD-D22E-90A8-E5CE-7E832BA40C5D}
		{C2182ADF-8B4D-4116-8E75-ACFEFB302C8C} = {BB4736D8-36FC-4267-8183-B40AC20A997B}
		{48759DFB-4E0B-4370-A46B-D5233F135F94} = {BB4736D8-36FC-4267-8183-B40AC20A997B}
		{7A1C7E65-C82B-49FD-8339-4097090F8419} = {8EC462FD-D22E-90A8-E5CE-7E832BA40C5D}
		{9C2CE6DD-78A6-4771-8FD2-32FA05EBD55C} = {7A1C7E65-C82B-49FD-8339-4097090F8419}
		{F0619A39-8D2D-4CFE-8D92-D836A5DA1425} = {8EC462FD-D22E-90A8-E5CE-7E832BA40C5D}
		{F327492E-6764-4072-8743-C4DBCD8A85D2} = {F0619A39-8D2D-4CFE-8D92-D836A5DA1425}
		{60F82274-0542-4756-8799-F0BFAFB42EFF} = {F0619A39-8D2D-4CFE-8D92-D836A5DA1425}
		{9841C83E-7558-425B-A84C-65A3C62C451E} = {8EC462FD-D22E-90A8-E5CE-7E832BA40C5D}
		{362DD133-5660-4673-B37B-8E7E4FC2C60F} = {9841C83E-7558-425B-A84C-65A3C62C451E}
		{E38F74CF-9EC8-4FCC-B85C-8504A7289BBB} = {9841C83E-7558-425B-A84C-65A3C62C451E}
		{15879DA1-918D-46B1-AE51-4A11373D6327} = {8EC462FD-D22E-90A8-E5CE-7E832BA40C5D}
		{9E05E6CC-EAAD-49C4-B0E8-8ADBB68D0C5B} = {15879DA1-918D-46B1-AE51-4A11373D6327}
		{DBFA9276-56AB-4FA3-872B-1DB57D504D6A} = {15879DA1-918D-46B1-AE51-4A11373D6327}
		{ED7B2645-58CF-4DD0-B1BD-8A48E5D3F01B} = {8EC462FD-D22E-90A8-E5CE-7E832BA40C5D}
		{146B59AA-E14B-42BD-8AFC-E899810C070F} = {ED7B2645-58CF-4DD0-B1BD-8A48E5D3F01B}
		{E689BE36-25EC-4081-AA0D-553369A42DB5} = {ED7B2645-58CF-4DD0-B1BD-8A48E5D3F01B}
		{A8499FD1-FF66-4761-B78B-D53944095A73} = {ED7B2645-58CF-4DD0-B1BD-8A48E5D3F01B}
		{10B937AE-AEA4-40A2-951F-8B55814EB8EF} = {8EC462FD-D22E-90A8-E5CE-7E832BA40C5D}
		{D2D5105B-86D2-498D-9BB1-EC45014B6AF2} = {10B937AE-AEA4-40A2-951F-8B55814EB8EF}
		{9C75CEDA-99D1-4096-B798-85C7706DC103} = {10B937AE-AEA4-40A2-951F-8B55814EB8EF}
		{DE0EAED7-1FD6-4E7A-8C3A-F2F11C0FE4D4} = {8EC462FD-D22E-90A8-E5CE-7E832BA40C5D}
		{2E50A688-5927-4064-A252-B16FF3893E9D} = {DE0EAED7-1FD6-4E7A-8C3A-F2F11C0FE4D4}
		{04C73C17-70BC-4AC6-93FA-56F94FF5A2FC} = {DE0EAED7-1FD6-4E7A-8C3A-F2F11C0FE4D4}
		{52AABDB5-04FD-43BA-8EB4-BAD57BBB796A} = {8EC462FD-D22E-90A8-E5CE-7E832BA40C5D}
		{D834E131-173E-45E4-B118-EBD9C2823E8A} = {52AABDB5-04FD-43BA-8EB4-BAD57BBB796A}
		{C63B9DF3-5DD0-4A87-AAEC-455B8D453299} = {52AABDB5-04FD-43BA-8EB4-BAD57BBB796A}
		{23692F22-4D81-4590-BDFC-4CE8DBE9B6A1} = {8EC462FD-D22E-90A8-E5CE-7E832BA40C5D}
		{A6AD7D99-67CB-4954-80BF-C95CF1C28F87} = {23692F22-4D81-4590-BDFC-4CE8DBE9B6A1}
		{7DA1B985-E6D3-4BA1-9895-4C83B080F331} = {23692F22-4D81-4590-BDFC-4CE8DBE9B6A1}
		{C3099C56-8058-456E-9274-99E309EE0577} = {8EC462FD-D22E-90A8-E5CE-7E832BA40C5D}
		{FEEA40DB-99DE-4A89-9F76-D0EE2C7C3573} = {C3099C56-8058-456E-9274-99E309EE0577}
		{AB820C70-7250-40FD-BEE4-473E5FC4AC12} = {C3099C56-8058-456E-9274-99E309EE0577}
		{EB430FEA-C873-4CE6-8D2E-E8A796E1160F} = {8EC462FD-D22E-90A8-E5CE-7E832BA40C5D}
		{BE2926BF-18BB-4E91-B77B-5D3F4AE8B2D6} = {EB430FEA-C873-4CE6-8D2E-E8A796E1160F}
		{222FC0CF-C202-409B-A631-8C0262411E11} = {EB430FEA-C873-4CE6-8D2E-E8A796E1160F}
		{1FA729FD-8D43-40F9-8148-EC595B687BA5} = {8EC462FD-D22E-90A8-E5CE-7E832BA40C5D}
		{F20DA8BE-DADD-4430-B7CC-C54DFBDA4494} = {1FA729FD-8D43-40F9-8148-EC595B687BA5}
		{C9959156-29BD-4557-ADFC-FF5E2567812E} = {1FA729FD-8D43-40F9-8148-EC595B687BA5}
		{4FBE9334-1256-4A7D-A688-5F9B8E113337} = {8EC462FD-D22E-90A8-E5CE-7E832BA40C5D}
		{E981C785-9290-4F64-999A-C8F9B047BA94} = {4FBE9334-1256-4A7D-A688-5F9B8E113337}
		{DD0BBA60-A7A0-4204-BB91-018CF4016B02} = {4FBE9334-1256-4A7D-A688-5F9B8E113337}
	EndGlobalSection
	GlobalSection(ExtensibilityGlobals) = postSolution
		SolutionGuid = {2C81748F-AD90-4667-AF60-30672683802B}
	EndGlobalSection
EndGlobal
