
Microsoft Visual Studio Solution File, Format Version 12.00
# Visual Studio Version 18
VisualStudioVersion = 18.0.11205.157
MinimumVisualStudioVersion = 10.0.40219.1
Project("{2150E333-8FDC-42A3-9474-1A3956D46DE8}") = "Solution Items", "Solution Items", "{8EC462FD-D22E-90A8-E5CE-7E832BA40C5D}"
	ProjectSection(SolutionItems) = preProject
		.gitignore = .gitignore
	EndProjectSection
EndProject
Project("{FAE04EC0-301F-11D3-BF4B-00C04F79EFBC}") = "StrategyPattern", "StrategyPattern\StrategyPattern.csproj", "{64129C2E-8A3F-47FF-99C7-E8D3A8BF5189}"
EndProject
Project("{FAE04EC0-301F-11D3-BF4B-00C04F79EFBC}") = "DuckSimulator", "DuckSimulator\DuckSimulator.csproj", "{899DA13A-AEBC-4E5C-AF1A-31F39257CCBA}"
EndProject
Project("{2150E333-8FDC-42A3-9474-1A3956D46DE8}") = "Strategy Pattern", "Strategy Pattern", "{02EA681E-C7D8-13C7-8484-4AC65E1B71E8}"
EndProject
Project("{2150E333-8FDC-42A3-9474-1A3956D46DE8}") = "Observer Pattern", "Observer Pattern", "{E6E1C331-DEB5-46C6-AA1E-5C3F413C8A0D}"
EndProject
Project("{FAE04EC0-301F-11D3-BF4B-00C04F79EFBC}") = "WeatherStationDependencies", "WeatherStation\WeatherStationDependencies.csproj", "{5EA85E63-F43E-43EA-8E29-BB4593FE14EA}"
EndProject
Project("{FAE04EC0-301F-11D3-BF4B-00C04F79EFBC}") = "Weather-O-Rama", "Weather-O-Rama\Weather-O-Rama.csproj", "{242163D2-52BA-4670-BFA3-B9DB79906445}"
EndProject
Project("{2150E333-8FDC-42A3-9474-1A3956D46DE8}") = "Decorator Pattern", "Decorator Pattern", "{EBC5E5F4-5E45-4A0A-8516-4A41F2E35B83}"
EndProject
Project("{FAE04EC0-301F-11D3-BF4B-00C04F79EFBC}") = "StarBuzzDependencies", "StarBuzzDependencies\StarBuzzDependencies.csproj", "{ACD64C8D-8B84-43DF-B8FB-976C6E7263F1}"
EndProject
Project("{FAE04EC0-301F-11D3-BF4B-00C04F79EFBC}") = "StarBuzzApp", "StarBuzzApp\StarBuzzApp.csproj", "{CF2F577F-678F-4C61-BC36-A2DF50847638}"
EndProject
Project("{2150E333-8FDC-42A3-9474-1A3956D46DE8}") = "FactoryMethod Pattern", "FactoryMethod Pattern", "{CE29C8DF-A8AC-4D39-AB33-A12C956C09B8}"
EndProject
Project("{FAE04EC0-301F-11D3-BF4B-00C04F79EFBC}") = "PizzaStoreDependencies", "PizzaStoreDependencies\PizzaStoreDependencies.csproj", "{6F2AC7BA-8D68-4E1E-A998-059AD2833221}"
EndProject
Project("{FAE04EC0-301F-11D3-BF4B-00C04F79EFBC}") = "SimpleFactory", "SimpleFactory\SimpleFactory.csproj", "{BCADD075-5F7F-4F8B-85A7-536B7182509C}"
EndProject
Project("{FAE04EC0-301F-11D3-BF4B-00C04F79EFBC}") = "FactoryMethodPatternDependencies", "FactoryMethodPatternDependencies\FactoryMethodPatternDependencies.csproj", "{D6C07AEE-4D1F-438B-8ADD-B7BBDF4765CB}"
EndProject
Project("{FAE04EC0-301F-11D3-BF4B-00C04F79EFBC}") = "PizzaTestDrive", "PizzaTestDrive\PizzaTestDrive.csproj", "{DA00D0E4-743F-4EE1-944A-04CC0F2BA520}"
EndProject
Project("{2150E333-8FDC-42A3-9474-1A3956D46DE8}") = "AbstractFactory Pattern", "AbstractFactory Pattern", "{BB4736D8-36FC-4267-8183-B40AC20A997B}"
EndProject
Project("{FAE04EC0-301F-11D3-BF4B-00C04F79EFBC}") = "AbstractFactoryPizzaDependencies", "AbstractFactoryPizzaDependencies\AbstractFactoryPizzaDependencies.csproj", "{C2182ADF-8B4D-4116-8E75-ACFEFB302C8C}"
EndProject
Project("{FAE04EC0-301F-11D3-BF4B-00C04F79EFBC}") = "ObjectVillePizzaStore", "ObjectVillePizzaStore\ObjectVillePizzaStore.csproj", "{48759DFB-4E0B-4370-A46B-D5233F135F94}"
EndProject
Project("{2150E333-8FDC-42A3-9474-1A3956D46DE8}") = "Singleton Pattern", "Singleton Pattern", "{7A1C7E65-C82B-49FD-8339-4097090F8419}"
EndProject
Project("{FAE04EC0-301F-11D3-BF4B-00C04F79EFBC}") = "ChocolateFactory", "ChocolateFactory\ChocolateFactory.csproj", "{9C2CE6DD-78A6-4771-8FD2-32FA05EBD55C}"
EndProject
Project("{2150E333-8FDC-42A3-9474-1A3956D46DE8}") = "Command Pattern", "Command Pattern", "{F0619A39-8D2D-4CFE-8D92-D836A5DA1425}"
EndProject
Project("{FAE04EC0-301F-11D3-BF4B-00C04F79EFBC}") = "RemoteControlDependencies", "RemoteControlDependencies\RemoteControlDependencies.csproj", "{F327492E-6764-4072-8743-C4DBCD8A85D2}"
EndProject
Project("{FAE04EC0-301F-11D3-BF4B-00C04F79EFBC}") = "RemoteLoader", "RemoteLoader\RemoteLoader.csproj", "{60F82274-0542-4756-8799-F0BFAFB42EFF}"
EndProject
Project("{2150E333-8FDC-42A3-9474-1A3956D46DE8}") = "Adapter Pattern", "Adapter Pattern", "{9841C83E-7558-425B-A84C-65A3C62C451E}"
EndProject
Project("{FAE04EC0-301F-11D3-BF4B-00C04F79EFBC}") = "AdapterPatternDependencies", "AdapterPatternDependencies\AdapterPatternDependencies.csproj", "{362DD133-5660-4673-B37B-8E7E4FC2C60F}"
EndProject
Project("{FAE04EC0-301F-11D3-BF4B-00C04F79EFBC}") = "DuckTestDrive", "DuckTestDrive\DuckTestDrive.csproj", "{E38F74CF-9EC8-4FCC-B85C-8504A7289BBB}"
EndProject
Project("{2150E333-8FDC-42A3-9474-1A3956D46DE8}") = "Facade Pattern", "Facade Pattern", "{15879DA1-918D-46B1-AE51-4A11373D6327}"
EndProject
Project("{FAE04EC0-301F-11D3-BF4B-00C04F79EFBC}") = "FacadePatternDependencies", "FacadePatternDependencies\FacadePatternDependencies.csproj", "{9E05E6CC-EAAD-49C4-B0E8-8ADBB68D0C5B}"
EndProject
Project("{FAE04EC0-301F-11D3-BF4B-00C04F79EFBC}") = "HomeTheaterTestDrive", "HomeTheaterTestDrive\HomeTheaterTestDrive.csproj", "{DBFA9276-56AB-4FA3-872B-1DB57D504D6A}"
EndProject
Global
	GlobalSection(SolutionConfigurationPlatforms) = preSolution
		Debug|Any CPU = Debug|Any CPU
		Release|Any CPU = Release|Any CPU
	EndGlobalSection
	GlobalSection(ProjectConfigurationPlatforms) = postSolution
		{64129C2E-8A3F-47FF-99C7-E8D3A8BF5189}.Debug|Any CPU.ActiveCfg = Debug|Any CPU
		{64129C2E-8A3F-47FF-99C7-E8D3A8BF5189}.Debug|Any CPU.Build.0 = Debug|Any CPU
		{64129C2E-8A3F-47FF-99C7-E8D3A8BF5189}.Release|Any CPU.ActiveCfg = Release|Any CPU
		{64129C2E-8A3F-47FF-99C7-E8D3A8BF5189}.Release|Any CPU.Build.0 = Release|Any CPU
		{899DA13A-AEBC-4E5C-AF1A-31F39257CCBA}.Debug|Any CPU.ActiveCfg = Debug|Any CPU
		{899DA13A-AEBC-4E5C-AF1A-31F39257CCBA}.Debug|Any CPU.Build.0 = Debug|Any CPU
		{899DA13A-AEBC-4E5C-AF1A-31F39257CCBA}.Release|Any CPU.ActiveCfg = Release|Any CPU
		{899DA13A-AEBC-4E5C-AF1A-31F39257CCBA}.Release|Any CPU.Build.0 = Release|Any CPU
		{5EA85E63-F43E-43EA-8E29-BB4593FE14EA}.Debug|Any CPU.ActiveCfg = Debug|Any CPU
		{5EA85E63-F43E-43EA-8E29-BB4593FE14EA}.Debug|Any CPU.Build.0 = Debug|Any CPU
		{5EA85E63-F43E-43EA-8E29-BB4593FE14EA}.Release|Any CPU.ActiveCfg = Release|Any CPU
		{5EA85E63-F43E-43EA-8E29-BB4593FE14EA}.Release|Any CPU.Build.0 = Release|Any CPU
		{242163D2-52BA-4670-BFA3-B9DB79906445}.Debug|Any CPU.ActiveCfg = Debug|Any CPU
		{242163D2-52BA-4670-BFA3-B9DB79906445}.Debug|Any CPU.Build.0 = Debug|Any CPU
		{242163D2-52BA-4670-BFA3-B9DB79906445}.Release|Any CPU.ActiveCfg = Release|Any CPU
		{242163D2-52BA-4670-BFA3-B9DB79906445}.Release|Any CPU.Build.0 = Release|Any CPU
		{ACD64C8D-8B84-43DF-B8FB-976C6E7263F1}.Debug|Any CPU.ActiveCfg = Debug|Any CPU
		{ACD64C8D-8B84-43DF-B8FB-976C6E7263F1}.Debug|Any CPU.Build.0 = Debug|Any CPU
		{ACD64C8D-8B84-43DF-B8FB-976C6E7263F1}.Release|Any CPU.ActiveCfg = Release|Any CPU
		{ACD64C8D-8B84-43DF-B8FB-976C6E7263F1}.Release|Any CPU.Build.0 = Release|Any CPU
		{CF2F577F-678F-4C61-BC36-A2DF50847638}.Debug|Any CPU.ActiveCfg = Debug|Any CPU
		{CF2F577F-678F-4C61-BC36-A2DF50847638}.Debug|Any CPU.Build.0 = Debug|Any CPU
		{CF2F577F-678F-4C61-BC36-A2DF50847638}.Release|Any CPU.ActiveCfg = Release|Any CPU
		{CF2F577F-678F-4C61-BC36-A2DF50847638}.Release|Any CPU.Build.0 = Release|Any CPU
		{6F2AC7BA-8D68-4E1E-A998-059AD2833221}.Debug|Any CPU.ActiveCfg = Debug|Any CPU
		{6F2AC7BA-8D68-4E1E-A998-059AD2833221}.Debug|Any CPU.Build.0 = Debug|Any CPU
		{6F2AC7BA-8D68-4E1E-A998-059AD2833221}.Release|Any CPU.ActiveCfg = Release|Any CPU
		{6F2AC7BA-8D68-4E1E-A998-059AD2833221}.Release|Any CPU.Build.0 = Release|Any CPU
		{BCADD075-5F7F-4F8B-85A7-536B7182509C}.Debug|Any CPU.ActiveCfg = Debug|Any CPU
		{BCADD075-5F7F-4F8B-85A7-536B7182509C}.Debug|Any CPU.Build.0 = Debug|Any CPU
		{BCADD075-5F7F-4F8B-85A7-536B7182509C}.Release|Any CPU.ActiveCfg = Release|Any CPU
		{BCADD075-5F7F-4F8B-85A7-536B7182509C}.Release|Any CPU.Build.0 = Release|Any CPU
		{D6C07AEE-4D1F-438B-8ADD-B7BBDF4765CB}.Debug|Any CPU.ActiveCfg = Debug|Any CPU
		{D6C07AEE-4D1F-438B-8ADD-B7BBDF4765CB}.Debug|Any CPU.Build.0 = Debug|Any CPU
		{D6C07AEE-4D1F-438B-8ADD-B7BBDF4765CB}.Release|Any CPU.ActiveCfg = Release|Any CPU
		{D6C07AEE-4D1F-438B-8ADD-B7BBDF4765CB}.Release|Any CPU.Build.0 = Release|Any CPU
		{DA00D0E4-743F-4EE1-944A-04CC0F2BA520}.Debug|Any CPU.ActiveCfg = Debug|Any CPU
		{DA00D0E4-743F-4EE1-944A-04CC0F2BA520}.Debug|Any CPU.Build.0 = Debug|Any CPU
		{DA00D0E4-743F-4EE1-944A-04CC0F2BA520}.Release|Any CPU.ActiveCfg = Release|Any CPU
		{DA00D0E4-743F-4EE1-944A-04CC0F2BA520}.Release|Any CPU.Build.0 = Release|Any CPU
		{C2182ADF-8B4D-4116-8E75-ACFEFB302C8C}.Debug|Any CPU.ActiveCfg = Debug|Any CPU
		{C2182ADF-8B4D-4116-8E75-ACFEFB302C8C}.Debug|Any CPU.Build.0 = Debug|Any CPU
		{C2182ADF-8B4D-4116-8E75-ACFEFB302C8C}.Release|Any CPU.ActiveCfg = Release|Any CPU
		{C2182ADF-8B4D-4116-8E75-ACFEFB302C8C}.Release|Any CPU.Build.0 = Release|Any CPU
		{48759DFB-4E0B-4370-A46B-D5233F135F94}.Debug|Any CPU.ActiveCfg = Debug|Any CPU
		{48759DFB-4E0B-4370-A46B-D5233F135F94}.Debug|Any CPU.Build.0 = Debug|Any CPU
		{48759DFB-4E0B-4370-A46B-D5233F135F94}.Release|Any CPU.ActiveCfg = Release|Any CPU
		{48759DFB-4E0B-4370-A46B-D5233F135F94}.Release|Any CPU.Build.0 = Release|Any CPU
		{9C2CE6DD-78A6-4771-8FD2-32FA05EBD55C}.Debug|Any CPU.ActiveCfg = Debug|Any CPU
		{9C2CE6DD-78A6-4771-8FD2-32FA05EBD55C}.Debug|Any CPU.Build.0 = Debug|Any CPU
		{9C2CE6DD-78A6-4771-8FD2-32FA05EBD55C}.Release|Any CPU.ActiveCfg = Release|Any CPU
		{9C2CE6DD-78A6-4771-8FD2-32FA05EBD55C}.Release|Any CPU.Build.0 = Release|Any CPU
		{F327492E-6764-4072-8743-C4DBCD8A85D2}.Debug|Any CPU.ActiveCfg = Debug|Any CPU
		{F327492E-6764-4072-8743-C4DBCD8A85D2}.Debug|Any CPU.Build.0 = Debug|Any CPU
		{F327492E-6764-4072-8743-C4DBCD8A85D2}.Release|Any CPU.ActiveCfg = Release|Any CPU
		{F327492E-6764-4072-8743-C4DBCD8A85D2}.Release|Any CPU.Build.0 = Release|Any CPU
		{60F82274-0542-4756-8799-F0BFAFB42EFF}.Debug|Any CPU.ActiveCfg = Debug|Any CPU
		{60F82274-0542-4756-8799-F0BFAFB42EFF}.Debug|Any CPU.Build.0 = Debug|Any CPU
		{60F82274-0542-4756-8799-F0BFAFB42EFF}.Release|Any CPU.ActiveCfg = Release|Any CPU
		{60F82274-0542-4756-8799-F0BFAFB42EFF}.Release|Any CPU.Build.0 = Release|Any CPU
		{362DD133-5660-4673-B37B-8E7E4FC2C60F}.Debug|Any CPU.ActiveCfg = Debug|Any CPU
		{362DD133-5660-4673-B37B-8E7E4FC2C60F}.Debug|Any CPU.Build.0 = Debug|Any CPU
		{362DD133-5660-4673-B37B-8E7E4FC2C60F}.Release|Any CPU.ActiveCfg = Release|Any CPU
		{362DD133-5660-4673-B37B-8E7E4FC2C60F}.Release|Any CPU.Build.0 = Release|Any CPU
		{E38F74CF-9EC8-4FCC-B85C-8504A7289BBB}.Debug|Any CPU.ActiveCfg = Debug|Any CPU
		{E38F74CF-9EC8-4FCC-B85C-8504A7289BBB}.Debug|Any CPU.Build.0 = Debug|Any CPU
		{E38F74CF-9EC8-4FCC-B85C-8504A7289BBB}.Release|Any CPU.ActiveCfg = Release|Any CPU
		{E38F74CF-9EC8-4FCC-B85C-8504A7289BBB}.Release|Any CPU.Build.0 = Release|Any CPU
		{9E05E6CC-EAAD-49C4-B0E8-8ADBB68D0C5B}.Debug|Any CPU.ActiveCfg = Debug|Any CPU
		{9E05E6CC-EAAD-49C4-B0E8-8ADBB68D0C5B}.Debug|Any CPU.Build.0 = Debug|Any CPU
		{9E05E6CC-EAAD-49C4-B0E8-8ADBB68D0C5B}.Release|Any CPU.ActiveCfg = Release|Any CPU
		{9E05E6CC-EAAD-49C4-B0E8-8ADBB68D0C5B}.Release|Any CPU.Build.0 = Release|Any CPU
		{DBFA9276-56AB-4FA3-872B-1DB57D504D6A}.Debug|Any CPU.ActiveCfg = Debug|Any CPU
		{DBFA9276-56AB-4FA3-872B-1DB57D504D6A}.Debug|Any CPU.Build.0 = Debug|Any CPU
		{DBFA9276-56AB-4FA3-872B-1DB57D504D6A}.Release|Any CPU.ActiveCfg = Release|Any CPU
		{DBFA9276-56AB-4FA3-872B-1DB57D504D6A}.Release|Any CPU.Build.0 = Release|Any CPU
	EndGlobalSection
	GlobalSection(SolutionProperties) = preSolution
		HideSolutionNode = FALSE
	EndGlobalSection
	GlobalSection(NestedProjects) = preSolution
		{64129C2E-8A3F-47FF-99C7-E8D3A8BF5189} = {02EA681E-C7D8-13C7-8484-4AC65E1B71E8}
		{899DA13A-AEBC-4E5C-AF1A-31F39257CCBA} = {02EA681E-C7D8-13C7-8484-4AC65E1B71E8}
		{02EA681E-C7D8-13C7-8484-4AC65E1B71E8} = {8EC462FD-D22E-90A8-E5CE-7E832BA40C5D}
		{E6E1C331-DEB5-46C6-AA1E-5C3F413C8A0D} = {8EC462FD-D22E-90A8-E5CE-7E832BA40C5D}
		{5EA85E63-F43E-43EA-8E29-BB4593FE14EA} = {E6E1C331-DEB5-46C6-AA1E-5C3F413C8A0D}
		{242163D2-52BA-4670-BFA3-B9DB79906445} = {E6E1C331-DEB5-46C6-AA1E-5C3F413C8A0D}
		{EBC5E5F4-5E45-4A0A-8516-4A41F2E35B83} = {8EC462FD-D22E-90A8-E5CE-7E832BA40C5D}
		{ACD64C8D-8B84-43DF-B8FB-976C6E7263F1} = {EBC5E5F4-5E45-4A0A-8516-4A41F2E35B83}
		{CF2F577F-678F-4C61-BC36-A2DF50847638} = {EBC5E5F4-5E45-4A0A-8516-4A41F2E35B83}
		{CE29C8DF-A8AC-4D39-AB33-A12C956C09B8} = {8EC462FD-D22E-90A8-E5CE-7E832BA40C5D}
		{6F2AC7BA-8D68-4E1E-A998-059AD2833221} = {CE29C8DF-A8AC-4D39-AB33-A12C956C09B8}
		{BCADD075-5F7F-4F8B-85A7-536B7182509C} = {CE29C8DF-A8AC-4D39-AB33-A12C956C09B8}
		{D6C07AEE-4D1F-438B-8ADD-B7BBDF4765CB} = {CE29C8DF-A8AC-4D39-AB33-A12C956C09B8}
		{DA00D0E4-743F-4EE1-944A-04CC0F2BA520} = {CE29C8DF-A8AC-4D39-AB33-A12C956C09B8}
		{BB4736D8-36FC-4267-8183-B40AC20A997B} = {8EC462FD-D22E-90A8-E5CE-7E832BA40C5D}
		{C2182ADF-8B4D-4116-8E75-ACFEFB302C8C} = {BB4736D8-36FC-4267-8183-B40AC20A997B}
		{48759DFB-4E0B-4370-A46B-D5233F135F94} = {BB4736D8-36FC-4267-8183-B40AC20A997B}
		{7A1C7E65-C82B-49FD-8339-4097090F8419} = {8EC462FD-D22E-90A8-E5CE-7E832BA40C5D}
		{9C2CE6DD-78A6-4771-8FD2-32FA05EBD55C} = {7A1C7E65-C82B-49FD-8339-4097090F8419}
		{F0619A39-8D2D-4CFE-8D92-D836A5DA1425} = {8EC462FD-D22E-90A8-E5CE-7E832BA40C5D}
		{F327492E-6764-4072-8743-C4DBCD8A85D2} = {F0619A39-8D2D-4CFE-8D92-D836A5DA1425}
		{60F82274-0542-4756-8799-F0BFAFB42EFF} = {F0619A39-8D2D-4CFE-8D92-D836A5DA1425}
		{9841C83E-7558-425B-A84C-65A3C62C451E} = {8EC462FD-D22E-90A8-E5CE-7E832BA40C5D}
		{362DD133-5660-4673-B37B-8E7E4FC2C60F} = {9841C83E-7558-425B-A84C-65A3C62C451E}
		{E38F74CF-9EC8-4FCC-B85C-8504A7289BBB} = {9841C83E-7558-425B-A84C-65A3C62C451E}
		{15879DA1-918D-46B1-AE51-4A11373D6327} = {8EC462FD-D22E-90A8-E5CE-7E832BA40C5D}
		{9E05E6CC-EAAD-49C4-B0E8-8ADBB68D0C5B} = {15879DA1-918D-46B1-AE51-4A11373D6327}
		{DBFA9276-56AB-4FA3-872B-1DB57D504D6A} = {15879DA1-918D-46B1-AE51-4A11373D6327}
	EndGlobalSection
	GlobalSection(ExtensibilityGlobals) = postSolution
		SolutionGuid = {2C81748F-AD90-4667-AF60-30672683802B}
	EndGlobalSection
EndGlobal
